
Microsoft Visual Studio Solution File, Format Version 10.00
# Visual C++ Express 2008
Project("{8BC9CEB8-8B4A-11D0-8D11-00A0C91BC942}") = "ара", "ара\ара.vcproj", "{4B4B49A1-F639-4CF1-82D6-8F360BC820DF}"
EndProject
Global
	GlobalSection(SolutionConfigurationPlatforms) = preSolution
		Debug|Win32 = Debug|Win32
		Release|Win32 = Release|Win32
	EndGlobalSection
	GlobalSection(ProjectConfigurationPlatforms) = postSolution
		{4B4B49A1-F639-4CF1-82D6-8F360BC820DF}.Debug|Win32.ActiveCfg = Debug|Win32
		{4B4B49A1-F639-4CF1-82D6-8F360BC820DF}.Debug|Win32.Build.0 = Debug|Win32
		{4B4B49A1-F639-4CF1-82D6-8F360BC820DF}.Release|Win32.ActiveCfg = Release|Win32
		{4B4B49A1-F639-4CF1-82D6-8F360BC820DF}.Release|Win32.Build.0 = Release|Win32
	EndGlobalSection
	GlobalSection(SolutionProperties) = preSolution
		HideSolutionNode = FALSE
	EndGlobalSection
EndGlobal
